
Microsoft Visual Studio Solution File, Format Version 12.00
Project("{FAE04EC0-301F-11D3-BF4B-00C04F79EFBC}") = "Database", "Database\Database.csproj", "{7DA5AEC6-7244-4067-89B9-AC63CA17C693}"
EndProject
Global
	GlobalSection(SolutionConfigurationPlatforms) = preSolution
		Debug|Any CPU = Debug|Any CPU
		Release|Any CPU = Release|Any CPU
	EndGlobalSection
	GlobalSection(ProjectConfigurationPlatforms) = postSolution
		{7DA5AEC6-7244-4067-89B9-AC63CA17C693}.Debug|Any CPU.ActiveCfg = Debug|Any CPU
		{7DA5AEC6-7244-4067-89B9-AC63CA17C693}.Debug|Any CPU.Build.0 = Debug|Any CPU
		{7DA5AEC6-7244-4067-89B9-AC63CA17C693}.Release|Any CPU.ActiveCfg = Release|Any CPU
		{7DA5AEC6-7244-4067-89B9-AC63CA17C693}.Release|Any CPU.Build.0 = Release|Any CPU
	EndGlobalSection
EndGlobal
